Microsoft Visual Studio Solution File, Format Version 12.00
# Visual Studio Version 17
VisualStudioVersion = 17.5.2.0
MinimumVisualStudioVersion = 10.0.40219.1
Project("{FAE04EC0-301F-11D3-BF4B-00C04F79EFBC}") = "MusicMatchly.Api", "MusicMatchly.Api\MusicMatchly.Api.csproj", "{511CB41A-08BD-DDAF-B4E2-753C94BDBC2E}"
EndProject
Global
	GlobalSection(SolutionConfigurationPlatforms) = preSolution
		Debug|Any CPU = Debug|Any CPU
		Release|Any CPU = Release|Any CPU
	EndGlobalSection
	GlobalSection(ProjectConfigurationPlatforms) = postSolution
		{511CB41A-08BD-DDAF-B4E2-753C94BDBC2E}.Debug|Any CPU.ActiveCfg = Debug|Any CPU
		{511CB41A-08BD-DDAF-B4E2-753C94BDBC2E}.Debug|Any CPU.Build.0 = Debug|Any CPU
		{511CB41A-08BD-DDAF-B4E2-753C94BDBC2E}.Release|Any CPU.ActiveCfg = Release|Any CPU
		{511CB41A-08BD-DDAF-B4E2-753C94BDBC2E}.Release|Any CPU.Build.0 = Release|Any CPU
	EndGlobalSection
	GlobalSection(SolutionProperties) = preSolution
		HideSolutionNode = FALSE
	EndGlobalSection
	GlobalSection(ExtensibilityGlobals) = postSolution
		SolutionGuid = {9E60A7FE-379D-476E-9A06-2658D62E4FA8}
	EndGlobalSection
EndGlobal
